
Microsoft Visual Studio Solution File, Format Version 12.00
# Visual Studio Version 16
VisualStudioVersion = 16.0.28803.202
MinimumVisualStudioVersion = 10.0.40219.1
Project("{FAE04EC0-301F-11D3-BF4B-00C04F79EFBC}") = "WindowsFormsApp1", "WindowsFormsApp1\WindowsFormsApp1.csproj", "{0F469643-312D-427E-9006-BEE690B3171F}"
EndProject
Global
	GlobalSection(SolutionConfigurationPlatforms) = preSolution
		Debug|Any CPU = Debug|Any CPU
		Release|Any CPU = Release|Any CPU
	EndGlobalSection
	GlobalSection(ProjectConfigurationPlatforms) = postSolution
		{0F469643-312D-427E-9006-BEE690B3171F}.Debug|Any CPU.ActiveCfg = Debug|Any CPU
		{0F469643-312D-427E-9006-BEE690B3171F}.Debug|Any CPU.Build.0 = Debug|Any CPU
		{0F469643-312D-427E-9006-BEE690B3171F}.Release|Any CPU.ActiveCfg = Release|Any CPU
		{0F469643-312D-427E-9006-BEE690B3171F}.Release|Any CPU.Build.0 = Release|Any CPU
	EndGlobalSection
	GlobalSection(SolutionProperties) = preSolution
		HideSolutionNode = FALSE
	EndGlobalSection
	GlobalSection(ExtensibilityGlobals) = postSolution
		SolutionGuid = {B10983CA-AB7B-4299-8594-EDE103C031E4}
	EndGlobalSection
EndGlobal
